
Microsoft Visual Studio Solution File, Format Version 12.00
# Visual Studio Version 16
VisualStudioVersion = 16.0.30717.126
MinimumVisualStudioVersion = 10.0.40219.1
Project("{9A19103F-16F7-4668-BE54-9A1E7A4F7556}") = "HT", "HT\HT.csproj", "{ED0BF91B-574E-413F-B7DF-7E380D83B965}"
EndProject
Project("{9A19103F-16F7-4668-BE54-9A1E7A4F7556}") = "HTDal", "HTDal\HTDal.csproj", "{A1277FB0-9E8D-4723-8CC8-5C46F2A29D72}"
EndProject
Project("{2150E333-8FDC-42A3-9474-1A3956D46DE8}") = "Microservice", "Microservice", "{E2D2877E-B0B4-4A04-A7CF-3124A2BD4DEE}"
EndProject
Project("{2150E333-8FDC-42A3-9474-1A3956D46DE8}") = "Order", "Order", "{389A7EFA-E390-4730-B9C4-FDB24E59CBA0}"
EndProject
Project("{2150E333-8FDC-42A3-9474-1A3956D46DE8}") = "Product", "Product", "{F56F518E-1DB4-4B55-AB01-92A76D96AD76}"
EndProject
Project("{FAE04EC0-301F-11D3-BF4B-00C04F79EFBC}") = "Orders", "Orders\Orders.csproj", "{CCCC36F2-80E0-4F95-8A96-EC06D93FCA08}"
EndProject
Project("{FAE04EC0-301F-11D3-BF4B-00C04F79EFBC}") = "Products", "Products\Products.csproj", "{E8DFDECF-9E3F-45CC-AAD4-47F551938008}"
EndProject
Global
	GlobalSection(SolutionConfigurationPlatforms) = preSolution
		Debug|Any CPU = Debug|Any CPU
		Release|Any CPU = Release|Any CPU
	EndGlobalSection
	GlobalSection(ProjectConfigurationPlatforms) = postSolution
		{ED0BF91B-574E-413F-B7DF-7E380D83B965}.Debug|Any CPU.ActiveCfg = Debug|Any CPU
		{ED0BF91B-574E-413F-B7DF-7E380D83B965}.Debug|Any CPU.Build.0 = Debug|Any CPU
		{ED0BF91B-574E-413F-B7DF-7E380D83B965}.Release|Any CPU.ActiveCfg = Release|Any CPU
		{ED0BF91B-574E-413F-B7DF-7E380D83B965}.Release|Any CPU.Build.0 = Release|Any CPU
		{A1277FB0-9E8D-4723-8CC8-5C46F2A29D72}.Debug|Any CPU.ActiveCfg = Debug|Any CPU
		{A1277FB0-9E8D-4723-8CC8-5C46F2A29D72}.Debug|Any CPU.Build.0 = Debug|Any CPU
		{A1277FB0-9E8D-4723-8CC8-5C46F2A29D72}.Release|Any CPU.ActiveCfg = Release|Any CPU
		{A1277FB0-9E8D-4723-8CC8-5C46F2A29D72}.Release|Any CPU.Build.0 = Release|Any CPU
		{CCCC36F2-80E0-4F95-8A96-EC06D93FCA08}.Debug|Any CPU.ActiveCfg = Debug|Any CPU
		{CCCC36F2-80E0-4F95-8A96-EC06D93FCA08}.Debug|Any CPU.Build.0 = Debug|Any CPU
		{CCCC36F2-80E0-4F95-8A96-EC06D93FCA08}.Release|Any CPU.ActiveCfg = Release|Any CPU
		{CCCC36F2-80E0-4F95-8A96-EC06D93FCA08}.Release|Any CPU.Build.0 = Release|Any CPU
		{E8DFDECF-9E3F-45CC-AAD4-47F551938008}.Debug|Any CPU.ActiveCfg = Debug|Any CPU
		{E8DFDECF-9E3F-45CC-AAD4-47F551938008}.Debug|Any CPU.Build.0 = Debug|Any CPU
		{E8DFDECF-9E3F-45CC-AAD4-47F551938008}.Release|Any CPU.ActiveCfg = Release|Any CPU
		{E8DFDECF-9E3F-45CC-AAD4-47F551938008}.Release|Any CPU.Build.0 = Release|Any CPU
	EndGlobalSection
	GlobalSection(SolutionProperties) = preSolution
		HideSolutionNode = FALSE
	EndGlobalSection
	GlobalSection(NestedProjects) = preSolution
		{389A7EFA-E390-4730-B9C4-FDB24E59CBA0} = {E2D2877E-B0B4-4A04-A7CF-3124A2BD4DEE}
		{F56F518E-1DB4-4B55-AB01-92A76D96AD76} = {E2D2877E-B0B4-4A04-A7CF-3124A2BD4DEE}
		{CCCC36F2-80E0-4F95-8A96-EC06D93FCA08} = {389A7EFA-E390-4730-B9C4-FDB24E59CBA0}
		{E8DFDECF-9E3F-45CC-AAD4-47F551938008} = {F56F518E-1DB4-4B55-AB01-92A76D96AD76}
	EndGlobalSection
	GlobalSection(ExtensibilityGlobals) = postSolution
		SolutionGuid = {50E386A1-AC3C-4EF9-9F43-3CC2182F1CB1}
	EndGlobalSection
EndGlobal
